
Microsoft Visual Studio Solution File, Format Version 12.00
# Visual Studio Version 17
VisualStudioVersion = 17.6.33829.357
MinimumVisualStudioVersion = 10.0.40219.1
Project("{FAE04EC0-301F-11D3-BF4B-00C04F79EFBC}") = "sudeepCalculator", "sudeepCalculator.csproj", "{1A33F96F-61E3-4E01-92CB-6BB7CED2C9F9}"
EndProject
Global
	GlobalSection(SolutionConfigurationPlatforms) = preSolution
		Debug|Any CPU = Debug|Any CPU
		Release|Any CPU = Release|Any CPU
	EndGlobalSection
	GlobalSection(ProjectConfigurationPlatforms) = postSolution
		{1A33F96F-61E3-4E01-92CB-6BB7CED2C9F9}.Debug|Any CPU.ActiveCfg = Debug|Any CPU
		{1A33F96F-61E3-4E01-92CB-6BB7CED2C9F9}.Debug|Any CPU.Build.0 = Debug|Any CPU
		{1A33F96F-61E3-4E01-92CB-6BB7CED2C9F9}.Release|Any CPU.ActiveCfg = Release|Any CPU
		{1A33F96F-61E3-4E01-92CB-6BB7CED2C9F9}.Release|Any CPU.Build.0 = Release|Any CPU
	EndGlobalSection
	GlobalSection(SolutionProperties) = preSolution
		HideSolutionNode = FALSE
	EndGlobalSection
	GlobalSection(ExtensibilityGlobals) = postSolution
		SolutionGuid = {C224ED0F-06DB-4628-99A8-100B256EDCB2}
	EndGlobalSection
EndGlobal
